{
    "_meta": {
        "hash": {
            "sha256": "8d62dc99b58642b17f7d34f7162059376cd17860db8aaa82b2c9c942ce627e81"
        },
        "pipfile-spec": 6,
        "requires": {
            "python_version": "3.8"
        },
        "sources": [
            {
                "name": "pypi",
                "url": "https://pypi.org/simple",
                "verify_ssl": true
            }
        ]
    },
    "default": {
        "argparse": {
            "hashes": [
                "sha256:62b089a55be1d8949cd2bc7e0df0bddb9e028faefc8c32038cc84862aefdd6e4",
                "sha256:c31647edb69fd3d465a847ea3157d37bed1f95f19760b11a47aa91c04b666314"
            ],
            "index": "pypi",
            "version": "==1.4.0"
        },
        "pybase64": {
            "hashes": [
                "sha256:01072c567467937ac53af01d39b0594ebe03023ae58c0fd21bee0649bf966411",
                "sha256:01bbf4ed79b76a505de81076c04aa28cdd2415c75a100363066d4eda701ec840",
                "sha256:047bcd86434c46fbd43cdccb201b530017a407d27ae98c4498377af4006d68b5",
                "sha256:05e999d0deb97840fcc2dcbde04d7118aaa2c8bd2210b34f45a7d1c5329ca5af",
                "sha256:0730f59e8d4535843444327de127316d4ba39878a4dbc38d3a00ef16b6c62a36",
                "sha256:084e70d0bd6199e5084d76f82b0925e4610bda7ace9da5b52e3501a166ab6371",
                "sha256:1249a79e354bd107860243742cb0e92d72cca153c57fea3ea22f7f37c5fa56a6",
                "sha256:19dd061ff04efe5d2aa8e05d04f528c07dfb73a853b30efcddb7f9f00431bd04",
                "sha256:1a653fe41ba640feef313c6f42f7a1dc1693800d78feec7f6b13d3d5b1423cb6",
                "sha256:1dac069c2d3efc0e149ace4fb3c6293436b0a86bd2d3e3c593c37b2603e4b90e",
                "sha256:1e0cf3ed5e42ee97baea39f25ba709ebb240cf64544e3343e92c11b583b1c999",
                "sha256:1f4741245e8735f4056a14f7386e1e685d307c5ef954681328a232ea2f7e790a",
                "sha256:292d7d35f028a9e4a1662520a68a462470cabb3ddb1cc2c5668a3e37c7d94fef",
                "sha256:29a03a528bbc6894d8608142a4b6c055f90935f4638e0abcef596f44462e3c73",
                "sha256:2a061c6206f1bf4119a8b5498d0dfb4015672711eb8dc38b3f707549ab570929",
                "sha256:2b5f986e99458495853840385e01f2bea384075863a77d7184c4db846d9266b0",
                "sha256:2c0052d2ce1acd33bbc05b1e7926c13906a50fbb1daafcb47f6855917f7da847",
                "sha256:2cca9aaac5641a1b36c4810d1649ce6acca62ded9b4097ab36d3ba3af07adc6a",
                "sha256:2dae0dd94b0b3eabef126d4780af8de4c081a54558ada5b130a5a1f976cbe832",
                "sha256:2f14f5cb1b897093dde3c0837dfcea34d58938b531452582e04ca3079037181e",
                "sha256:326b33d2ec976b005466d0306fd9ba7ff403c1a1767816845b5d90d9bedb75d1",
                "sha256:33b6f06be78fed7433f56b73a1d52dfd0d7d5d78f686d52f215e67515e3f10c3",
                "sha256:43d8ba72f6e33544a32186393b0b1b4bd66fe0919772e12264b2dfee1f727e83",
                "sha256:46b12c98b1cdfb7aa43731d1fa5d60cb17c8fa14370670e70e6e33cd86466686",
                "sha256:47e2454298e1507546a6944c6a8aa23183e47aff1bab9a8233fc66d49cce0c87",
                "sha256:4b841ebec0a7d6d612cc22b5438d760566268ce47838179228c919c607ca88be",
                "sha256:53187e634178b042657c07a2ebf22fe0724a66af647c433bbb2eb794bbec0667",
                "sha256:537e2d49eb30b87f949c3d08fe583401e612d67bfba99d294a09504f59db446c",
                "sha256:54e20ccc303bcedc1a69f8ab362cd98ce3e1b6ab01f65a29e54f521d02c19c8e",
                "sha256:55244f653fd617e236987b24c1889e2aff8424d01e434bff60d21b3731007cfe",
                "sha256:5721f8f8a14952a8e923d4f7bcf41c40693c7b1148f4a954d2b66adf3ae9edfe",
                "sha256:589462362bac25dcbf71706eaad632d700a5d7932c4e96cba590dd5ed9770386",
                "sha256:59a408097f0b2e8dffc098ac609ef53afe9b8b75f807ac2d58c79833f9f61222",
                "sha256:5d00b0054345c347f8c38802e26bfa40fb28d29a481e333b849044decfdf519f",
                "sha256:5f530cf9bfe5a310203293369f3d160567fb8082d7736b2459ace68db9d14c60",
                "sha256:6135c961a7d0a8ab839ee7ae6dae6e0b318e22e19b820e6f7aadbbac6bbb4d2a",
                "sha256:6309692f35b6e834d482a5efdc8e87f71a366a56f60afc6df2ed1527d540c7fd",
                "sha256:63ecca6afe8ac97bb22ce55be52964ce10d51fb4bd2fbe5083c53626749fd96b",
                "sha256:64821cfafd06cfc77543ec69ccecf84a8f9c40c7f0101a324b7b0700828ca7ff",
                "sha256:6b2ebe00db53787f319568caf2685fb12f8c3f7bc3374026f2f0f72ad12f3c17",
                "sha256:72bd918051aaeac67510e33ec3f0e96b4035a67dfa21f309996e1b5e2616a24b",
                "sha256:72c3ddbfd0f86208c3bd055de9cdd2dd59713bd8a0805e8f1c2f1783b7519297",
                "sha256:72e4eeaa4170b123ad57071bab2b65cf69f2005d92ccfdebee0a1252cbc0576c",
                "sha256:75f2797e8c140ad5f7a3ccbb148a592ba5b3e169a0ea94f4280b52ecc4f2ccc7",
                "sha256:76d074df9a7b989b3589926ab1946677bbb399ecfe230714b13157e2633611ed",
                "sha256:78950189489bd9c7448d9643fa686f1c6d35f683d5e5601576726984944de74d",
                "sha256:79cd82fa82d4a899f226664fcd3d0b90f8f12a4a3d1d95554c9699c6ec892d5b",
                "sha256:7bd9f50a8eaa8746e315de20250e659360d8410a48a0d482698533d1dee43b53",
                "sha256:7be56353da4ff792ff9fc946d0f17b13e1073ed0f05cbb28a7af755c47cc1c8c",
                "sha256:7d8e9c97cc807130be1f4629bdf38fe7751c8e4b7cce375c14ce038db855be6f",
                "sha256:7dbc2b242a3f6591010303e98eee68e498acb58a9c099b6c50cc1d283eeb2150",
                "sha256:7e9c8d2492fcbf4891a717aeb0d8cdf4a2c54c866fb722a531a41111c62865c2",
                "sha256:7eb8ec42c613fb31cbee035905f970b2bcad9820f7101fa493c67efaedcd2d66",
                "sha256:82e0149cb7476453d4d1f44c88604d0adfa917736c52cf50b81fcc78e72b9772",
                "sha256:837425a94c3b6a6c9b5de20905da0b429625b4ff5e58177ff1843f2bf54449d3",
                "sha256:86d490b407b5cd10f9f9c154a069bb55531c10c0fccaf42c85a6c2a06a796df6",
                "sha256:8807b8e7e84c13a2abeb7da645b8bf87090d7eab676548ae11cb46ab2933eec3",
                "sha256:8a65f8a5bdeb2f4d6453c7cea101314ff3e166c6fc497fa8f31bec69929f1428",
                "sha256:8f4eaa156c08d5eed2139e8491a8cb01b6eceb3dc12871dac0306bba13bc5574",
                "sha256:90f07db08a87b7cc7ceb745954f284854393e110917bb6aed118d9c0e07c45ff",
                "sha256:921d9b7962b357f92110cf39b8400e6afa1f0157a177d9829ea33628468cbae4",
                "sha256:94e48cc223814b9fd7e65dfe8acddc1030865878cb18053e0fb17786bc1cdd5b",
                "sha256:9879621381dd6b3e2669b251e75bac501888238d06bb4f4625974436e2b7d25d",
                "sha256:98bbf0df67649e14282c876c5836be228b09750d21cfb79ac0cd101e902c7de1",
                "sha256:9bc1f11f8f2c2c68b37110b2c898a102ba978f845370bded24830212ab423c02",
                "sha256:9ca0e6b319981a6dae1eb38ee2c0eab7165f29017bb3d4c0e38fe3064dc04936",
                "sha256:9ff17a87bb7e945621199944dadf09fe5f07adf0db403186a309cd97b8611858",
                "sha256:a0e703404e7b4afacccb09423b924d19b6e20eb3ac3e3755e5b4bcbd877e7fc2",
                "sha256:a1d9dea62520e6cadbd87d5e3a282034a6a614d43d5e4b715e5947296ee7d81f",
                "sha256:a695f90e523caabf0e579ea4c47481cd2fd93f4e673c7383f48ff1152284de61",
                "sha256:a90fffad772230972aaebb6c56bef031e5d202f1423b5522f073896730370628",
                "sha256:aec642aaaf750b05636d5fe62d008bcc8e1f30c42cf5ac4b49f82c3fc79fa233",
                "sha256:b868d016be460682be5b0d8679f568b5a2ebc9a8c5c2c9539e2300891ea2fb67",
                "sha256:be0cf10e88bc57aaa96cac1e10e130780b976d03679d030720052fe466cde107",
                "sha256:c0797f866300240b7af2092bd332bcf3d7d3925953bd5d8cd4e95d1c52adf6af",
                "sha256:c1cadce189177956fa92f153d26a598e0f145ff2cc80e85f106fb24aad9e8d6a",
                "sha256:c2e17a40082d9a787cb8ffb72d32c9ae0f957c9cf56e4f07c95c594eb912fdb9",
                "sha256:cbaedfc1dc5d3a4342572c200d62650429f884c42a212871bceb5733a1aac7b0",
                "sha256:d073f72a361ff56cf293bb1bee0681a67071da1e0a8eede573d6e734594c6ed6",
                "sha256:d2087141b460601d2d4108c883c367937f010c25cf3ff8f49c782701046b5f42",
                "sha256:d3a697901a0d1079126dbb07577ffd849b4af3293d7f3d1b58089293758c3d3e",
                "sha256:d653c6d51ac8e80c67fa565d4fefbec53df5c0fb5f966f831b69169b95d98d20",
                "sha256:d9abc457eb5edbec38ba9cf23073a33df9bacb5a01946dbee771bf796805fc57",
                "sha256:ddbb9044e09305c08fca8de4ed1fb03d1bba1d10cdd23c6d722d843c0ce54ade",
                "sha256:dec86d9d991a12cb71e59fb84a9eaa3804a4cc29f21d837f35b8c98d5db566a6",
                "sha256:e0878a13182b394e58fe54130165e1a10865a5613003f1ff7642dcfdb6538ba7",
                "sha256:e4e1fa5dbf2b62852b55413cfe870f29ab691492c74a0c470f981210ac1bf745",
                "sha256:e6114954badadb5d959a11fd6876ea9ccf7debd3e78286560d66e958b342f8ac",
                "sha256:e7931f8907703270f6effab1b98218136f6ad9905ef455e963685585f639a1fa",
                "sha256:e9a89663f117d4f3d7dd60c859444ff3441e81a125985179ef112e9f373c57a6",
                "sha256:eba9c73d63c9f2b00ea39a38e075feb3f3f092ff298581532270814700db060b",
                "sha256:ed432b1f8792e3b9cef6ef5336ed51b9866726dc9fd3dcd5e9d54867dd8d23a7",
                "sha256:ed6cdfaa43905168ad7447ee01dcb6c168ade87ca8d58736f954c8739cc113f6",
                "sha256:ef03843028b5c9382465d8d46f58b6598d3e1a55b52bd44138b930e0f34619a6",
                "sha256:f3bd12b8931929d12a53ce98e3395df91c7de1ca94d2e05f98415d469d36b08d",
                "sha256:f773941900cea224fc78f26bb9e3429b8c4174652047e2f46cd33f53e2555f9e",
                "sha256:fc2f0274200bec57869ca6a5a7645867bbc19b8682bc4a6f5f0389c72b37e40b",
                "sha256:fe7ea731d9abd2bd39f55c9569368f7f419cb60200bebc8aaac724b3b19273fd"
            ],
            "index": "pypi",
            "version": "==1.2.3"
        },
        "pyyaml": {
            "hashes": [
                "sha256:01b45c0191e6d66c470b6cf1b9531a771a83c1c4208272ead47a3ae4f2f603bf",
                "sha256:0283c35a6a9fbf047493e3a0ce8d79ef5030852c51e9d911a27badfde0605293",
                "sha256:055d937d65826939cb044fc8c9b08889e8c743fdc6a32b33e2390f66013e449b",
                "sha256:07751360502caac1c067a8132d150cf3d61339af5691fe9e87803040dbc5db57",
                "sha256:0b4624f379dab24d3725ffde76559cff63d9ec94e1736b556dacdfebe5ab6d4b",
                "sha256:0ce82d761c532fe4ec3f87fc45688bdd3a4c1dc5e0b4a19814b9009a29baefd4",
                "sha256:1e4747bc279b4f613a09eb64bba2ba602d8a6664c6ce6396a4d0cd413a50ce07",
                "sha256:213c60cd50106436cc818accf5baa1aba61c0189ff610f64f4a3e8c6726218ba",
                "sha256:231710d57adfd809ef5d34183b8ed1eeae3f76459c18fb4a0b373ad56bedcdd9",
                "sha256:277a0ef2981ca40581a47093e9e2d13b3f1fbbeffae064c1d21bfceba2030287",
                "sha256:2cd5df3de48857ed0544b34e2d40e9fac445930039f3cfe4bcc592a1f836d513",
                "sha256:40527857252b61eacd1d9af500c3337ba8deb8fc298940291486c465c8b46ec0",
                "sha256:432557aa2c09802be39460360ddffd48156e30721f5e8d917f01d31694216782",
                "sha256:473f9edb243cb1935ab5a084eb238d842fb8f404ed2193a915d1784b5a6b5fc0",
                "sha256:48c346915c114f5fdb3ead70312bd042a953a8ce5c7106d5bfb1a5254e47da92",
                "sha256:50602afada6d6cbfad699b0c7bb50d5ccffa7e46a3d738092afddc1f9758427f",
                "sha256:68fb519c14306fec9720a2a5b45bc9f0c8d1b9c72adf45c37baedfcd949c35a2",
                "sha256:77f396e6ef4c73fdc33a9157446466f1cff553d979bd00ecb64385760c6babdc",
                "sha256:81957921f441d50af23654aa6c5e5eaf9b06aba7f0a19c18a538dc7ef291c5a1",
                "sha256:819b3830a1543db06c4d4b865e70ded25be52a2e0631ccd2f6a47a2822f2fd7c",
                "sha256:897b80890765f037df3403d22bab41627ca8811ae55e9a722fd0392850ec4d86",
                "sha256:98c4d36e99714e55cfbaaee6dd5badbc9a1ec339ebfc3b1f52e293aee6bb71a4",
                "sha256:9df7ed3b3d2e0ecfe09e14741b857df43adb5a3ddadc919a2d94fbdf78fea53c",
                "sha256:9fa600030013c4de8165339db93d182b9431076eb98eb40ee068700c9c813e34",
                "sha256:a80a78046a72361de73f8f395f1f1e49f956c6be882eed58505a15f3e430962b",
                "sha256:afa17f5bc4d1b10afd4466fd3a44dc0e245382deca5b3c353d8b757f9e3ecb8d",
                "sha256:b3d267842bf12586ba6c734f89d1f5b871df0273157918b0ccefa29deb05c21c",
                "sha256:b5b9eccad747aabaaffbc6064800670f0c297e52c12754eb1d976c57e4f74dcb",
                "sha256:bfaef573a63ba8923503d27530362590ff4f576c626d86a9fed95822a8255fd7",
                "sha256:c5687b8d43cf58545ade1fe3e055f70eac7a5a1a0bf42824308d868289a95737",
                "sha256:cba8c411ef271aa037d7357a2bc8f9ee8b58b9965831d9e51baf703280dc73d3",
                "sha256:d15a181d1ecd0d4270dc32edb46f7cb7733c7c508857278d3d378d14d606db2d",
                "sha256:d4b0ba9512519522b118090257be113b9468d804b19d63c71dbcf4a48fa32358",
                "sha256:d4db7c7aef085872ef65a8fd7d6d09a14ae91f691dec3e87ee5ee0539d516f53",
                "sha256:d4eccecf9adf6fbcc6861a38015c2a64f38b9d94838ac1810a9023a0609e1b78",
                "sha256:d67d839ede4ed1b28a4e8909735fc992a923cdb84e618544973d7dfc71540803",
                "sha256:daf496c58a8c52083df09b80c860005194014c3698698d1a57cbcfa182142a3a",
                "sha256:dbad0e9d368bb989f4515da330b88a057617d16b6a8245084f1b05400f24609f",
                "sha256:e61ceaab6f49fb8bdfaa0f92c4b57bcfbea54c09277b1b4f7ac376bfb7a7c174",
                "sha256:f84fbc98b019fef2ee9a1cb3ce93e3187a6df0b2538a651bfb890254ba9f90b5"
            ],
            "index": "pypi",
            "version": "==6.0"
        }
    },
    "develop": {}
}
